
Microsoft Visual Studio Solution File, Format Version 12.00
# Visual Studio Version 17
VisualStudioVersion = 17.6.33712.159
MinimumVisualStudioVersion = 10.0.40219.1
Project("{9A19103F-16F7-4668-BE54-9A1E7A4F7556}") = "AppCore", "AppCore\AppCore.csproj", "{A65DBD76-E6C9-4F89-80DF-DD86D2FA53E4}"
EndProject
Project("{9A19103F-16F7-4668-BE54-9A1E7A4F7556}") = "Data", "Data\Data.csproj", "{C5C7C56F-A374-4A80-8B61-F9CFDCC39FE6}"
EndProject
Project("{9A19103F-16F7-4668-BE54-9A1E7A4F7556}") = "Infrastructure", "Infrastructure\Infrastructure.csproj", "{EE9E8423-ABBC-4AC3-A810-0FB44A0CC6B6}"
EndProject
Project("{9A19103F-16F7-4668-BE54-9A1E7A4F7556}") = "UnitTest", "UnitTest\UnitTest.csproj", "{C1260011-6265-4141-A7AC-05227843E6DE}"
EndProject
Project("{FAE04EC0-301F-11D3-BF4B-00C04F79EFBC}") = "Web", "Web\Web.csproj", "{D950A88B-533B-49F4-B6A0-02BC9E9F719D}"
EndProject
Project("{FAE04EC0-301F-11D3-BF4B-00C04F79EFBC}") = "WebAPI", "WebAPI\WebAPI.csproj", "{B3E724EB-D77B-416F-A2A0-33E14DF81A2E}"
EndProject
Global
	GlobalSection(SolutionConfigurationPlatforms) = preSolution
		Debug|Any CPU = Debug|Any CPU
		Release|Any CPU = Release|Any CPU
	EndGlobalSection
	GlobalSection(ProjectConfigurationPlatforms) = postSolution
		{A65DBD76-E6C9-4F89-80DF-DD86D2FA53E4}.Debug|Any CPU.ActiveCfg = Debug|Any CPU
		{A65DBD76-E6C9-4F89-80DF-DD86D2FA53E4}.Debug|Any CPU.Build.0 = Debug|Any CPU
		{A65DBD76-E6C9-4F89-80DF-DD86D2FA53E4}.Release|Any CPU.ActiveCfg = Release|Any CPU
		{A65DBD76-E6C9-4F89-80DF-DD86D2FA53E4}.Release|Any CPU.Build.0 = Release|Any CPU
		{C5C7C56F-A374-4A80-8B61-F9CFDCC39FE6}.Debug|Any CPU.ActiveCfg = Debug|Any CPU
		{C5C7C56F-A374-4A80-8B61-F9CFDCC39FE6}.Debug|Any CPU.Build.0 = Debug|Any CPU
		{C5C7C56F-A374-4A80-8B61-F9CFDCC39FE6}.Release|Any CPU.ActiveCfg = Release|Any CPU
		{C5C7C56F-A374-4A80-8B61-F9CFDCC39FE6}.Release|Any CPU.Build.0 = Release|Any CPU
		{EE9E8423-ABBC-4AC3-A810-0FB44A0CC6B6}.Debug|Any CPU.ActiveCfg = Debug|Any CPU
		{EE9E8423-ABBC-4AC3-A810-0FB44A0CC6B6}.Debug|Any CPU.Build.0 = Debug|Any CPU
		{EE9E8423-ABBC-4AC3-A810-0FB44A0CC6B6}.Release|Any CPU.ActiveCfg = Release|Any CPU
		{EE9E8423-ABBC-4AC3-A810-0FB44A0CC6B6}.Release|Any CPU.Build.0 = Release|Any CPU
		{C1260011-6265-4141-A7AC-05227843E6DE}.Debug|Any CPU.ActiveCfg = Debug|Any CPU
		{C1260011-6265-4141-A7AC-05227843E6DE}.Debug|Any CPU.Build.0 = Debug|Any CPU
		{C1260011-6265-4141-A7AC-05227843E6DE}.Release|Any CPU.ActiveCfg = Release|Any CPU
		{C1260011-6265-4141-A7AC-05227843E6DE}.Release|Any CPU.Build.0 = Release|Any CPU
		{D950A88B-533B-49F4-B6A0-02BC9E9F719D}.Debug|Any CPU.ActiveCfg = Debug|Any CPU
		{D950A88B-533B-49F4-B6A0-02BC9E9F719D}.Debug|Any CPU.Build.0 = Debug|Any CPU
		{D950A88B-533B-49F4-B6A0-02BC9E9F719D}.Release|Any CPU.ActiveCfg = Release|Any CPU
		{D950A88B-533B-49F4-B6A0-02BC9E9F719D}.Release|Any CPU.Build.0 = Release|Any CPU
		{B3E724EB-D77B-416F-A2A0-33E14DF81A2E}.Debug|Any CPU.ActiveCfg = Debug|Any CPU
		{B3E724EB-D77B-416F-A2A0-33E14DF81A2E}.Debug|Any CPU.Build.0 = Debug|Any CPU
		{B3E724EB-D77B-416F-A2A0-33E14DF81A2E}.Release|Any CPU.ActiveCfg = Release|Any CPU
		{B3E724EB-D77B-416F-A2A0-33E14DF81A2E}.Release|Any CPU.Build.0 = Release|Any CPU
	EndGlobalSection
	GlobalSection(SolutionProperties) = preSolution
		HideSolutionNode = FALSE
	EndGlobalSection
	GlobalSection(ExtensibilityGlobals) = postSolution
		SolutionGuid = {AD4837C5-CCAE-43D3-AB3F-F2986F838FC6}
	EndGlobalSection
EndGlobal
